{
  "name": "trinity-shared-cache-to-gltf",
  "version": "1.0.0",
  "lockfileVersion": 3,
  "requires": true,
  "packages": {
    "": {
      "name": "trinity-shared-cache-to-gltf",
      "version": "1.0.0",
      "dependencies": {
        "@carbonenginejs/format-gr2": "0.1.2"
      }
    },
    "node_modules/@carbonenginejs/core-math": {
      "version": "0.1.5",
      "resolved": "https://registry.npmjs.org/@carbonenginejs/core-math/-/core-math-0.1.5.tgz",
      "integrity": "sha512-+HN8vPO8t2L2Kvry+T3/jRlJ7pFydPEqm+VUy7f5++8+lI3vescH858uanLKTMGm72yDQxGm57KPxEanXBGy/g==",
      "license": "MIT",
      "dependencies": {
        "gl-matrix": "^3.4.4"
      },
      "engines": {
        "node": ">=18"
      }
    },
    "node_modules/@carbonenginejs/format-gr2": {
      "version": "0.1.2",
      "resolved": "https://registry.npmjs.org/@carbonenginejs/format-gr2/-/format-gr2-0.1.2.tgz",
      "integrity": "sha512-W/H1uEzwx099JKDpHwQ+IcQEulEny1UtdyJjk0kf6uPLEFG9aMhmivjvF7MKNHYMXQRl/HEbls27DcaYFRUPQQ==",
      "license": "EUPL-1.2",
      "dependencies": {
        "@carbonenginejs/core-math": "^0.1.5"
      },
      "bin": {
        "format-gr2": "bin/gr2reader.js",
        "gr2reader": "bin/gr2reader.js"
      },
      "engines": {
        "node": ">=18"
      }
    },
    "node_modules/gl-matrix": {
      "version": "3.4.4",
      "resolved": "https://registry.npmjs.org/gl-matrix/-/gl-matrix-3.4.4.tgz",
      "integrity": "sha512-latSnyDNt/8zYUB6VIJ6PCh2jBjJX6gnDsoCZ7LyW7GkqrD51EWwa9qCoGixj8YqBtETQK/xY7OmpTF8xz1DdQ==",
      "license": "MIT"
    }
  }
}
